{
  "name": "@serverless-devs/fc-http",
  "version": "0.0.1",
  "lockfileVersion": 2,
  "requires": true,
  "packages": {
    "": {
      "name": "@serverless-devs/fc-http",
      "version": "0.0.1",
      "license": "ISC",
      "dependencies": {
        "serverless-http": "^2.7.0"
      }
    },
    "node_modules/@types/aws-lambda": {
      "version": "8.10.83",
      "resolved": "https://registry.npmjs.org/@types/aws-lambda/-/aws-lambda-8.10.83.tgz",
      "integrity": "sha512-7YsLv/B8rF7K7jYAGmYBxLq3QU+hQV7qNJBMcSCmJCTcXuzoTKGBX8d4v9CsVs0SOKBSAErXG7rtk8jVxiP30g==",
      "optional": true
    },
    "node_modules/serverless-http": {
      "version": "2.7.0",
      "resolved": "https://registry.npmjs.org/serverless-http/-/serverless-http-2.7.0.tgz",
      "integrity": "sha512-iWq0z1X2Xkuvz6wL305uCux/SypbojHlYsB5bzmF5TqoLYsdvMNIoCsgtWjwqWoo3AR2cjw3zAmHN2+U6mF99Q==",
      "engines": {
        "node": ">=8.0"
      },
      "optionalDependencies": {
        "@types/aws-lambda": "^8.10.56"
      }
    }
  },
  "dependencies": {
    "@types/aws-lambda": {
      "version": "8.10.83",
      "resolved": "https://registry.npmjs.org/@types/aws-lambda/-/aws-lambda-8.10.83.tgz",
      "integrity": "sha512-7YsLv/B8rF7K7jYAGmYBxLq3QU+hQV7qNJBMcSCmJCTcXuzoTKGBX8d4v9CsVs0SOKBSAErXG7rtk8jVxiP30g==",
      "optional": true
    },
    "serverless-http": {
      "version": "2.7.0",
      "resolved": "https://registry.npmjs.org/serverless-http/-/serverless-http-2.7.0.tgz",
      "integrity": "sha512-iWq0z1X2Xkuvz6wL305uCux/SypbojHlYsB5bzmF5TqoLYsdvMNIoCsgtWjwqWoo3AR2cjw3zAmHN2+U6mF99Q==",
      "requires": {
        "@types/aws-lambda": "^8.10.56"
      }
    }
  }
}
